
Microsoft Visual Studio Solution File, Format Version 12.00
# Visual Studio Version 16
VisualStudioVersion = 16.0.30621.155
MinimumVisualStudioVersion = 10.0.40219.1
Project("{FAE04EC0-301F-11D3-BF4B-00C04F79EFBC}") = "WebApplication1", "WebApplication1\WebApplication1.csproj", "{C15627B9-6711-4489-A4AB-FD4C1E055837}"
EndProject
Global
	GlobalSection(SolutionConfigurationPlatforms) = preSolution
		Debug|Any CPU = Debug|Any CPU
		Release|Any CPU = Release|Any CPU
	EndGlobalSection
	GlobalSection(ProjectConfigurationPlatforms) = postSolution
		{C15627B9-6711-4489-A4AB-FD4C1E055837}.Debug|Any CPU.ActiveCfg = Debug|Any CPU
		{C15627B9-6711-4489-A4AB-FD4C1E055837}.Debug|Any CPU.Build.0 = Debug|Any CPU
		{C15627B9-6711-4489-A4AB-FD4C1E055837}.Release|Any CPU.ActiveCfg = Release|Any CPU
		{C15627B9-6711-4489-A4AB-FD4C1E055837}.Release|Any CPU.Build.0 = Release|Any CPU
	EndGlobalSection
	GlobalSection(SolutionProperties) = preSolution
		HideSolutionNode = FALSE
	EndGlobalSection
	GlobalSection(ExtensibilityGlobals) = postSolution
		SolutionGuid = {EBB670F0-833C-4AC5-B983-4C1EC64A543F}
	EndGlobalSection
EndGlobal
